
Microsoft Visual Studio Solution File, Format Version 12.00
# Visual Studio Version 16
VisualStudioVersion = 16.0.31702.278
MinimumVisualStudioVersion = 10.0.40219.1
Project("{FAE04EC0-301F-11D3-BF4B-00C04F79EFBC}") = "WebApplication5", "WebApplication5\WebApplication5.csproj", "{60F50D55-3F3B-4BBB-BC91-C590F07DC14F}"
EndProject
Global
	GlobalSection(SolutionConfigurationPlatforms) = preSolution
		Debug|Any CPU = Debug|Any CPU
		Release|Any CPU = Release|Any CPU
	EndGlobalSection
	GlobalSection(ProjectConfigurationPlatforms) = postSolution
		{60F50D55-3F3B-4BBB-BC91-C590F07DC14F}.Debug|Any CPU.ActiveCfg = Debug|Any CPU
		{60F50D55-3F3B-4BBB-BC91-C590F07DC14F}.Debug|Any CPU.Build.0 = Debug|Any CPU
		{60F50D55-3F3B-4BBB-BC91-C590F07DC14F}.Release|Any CPU.ActiveCfg = Release|Any CPU
		{60F50D55-3F3B-4BBB-BC91-C590F07DC14F}.Release|Any CPU.Build.0 = Release|Any CPU
	EndGlobalSection
	GlobalSection(SolutionProperties) = preSolution
		HideSolutionNode = FALSE
	EndGlobalSection
	GlobalSection(ExtensibilityGlobals) = postSolution
		SolutionGuid = {AFBFC10D-7267-434E-BF0F-CCE1B7D7D339}
	EndGlobalSection
EndGlobal
